
Microsoft Visual Studio Solution File, Format Version 12.00
# Visual Studio Version 16
VisualStudioVersion = 16.0.29020.237
MinimumVisualStudioVersion = 10.0.40219.1
Project("{FAE04EC0-301F-11D3-BF4B-00C04F79EFBC}") = "ConsoleApp1", "ConsoleApp1\ConsoleApp1.csproj", "{A364DB13-043E-4002-ABC6-11C9C968801D}"
EndProject
Global
	GlobalSection(SolutionConfigurationPlatforms) = preSolution
		Debug|Any CPU = Debug|Any CPU
		Release|Any CPU = Release|Any CPU
	EndGlobalSection
	GlobalSection(ProjectConfigurationPlatforms) = postSolution
		{A364DB13-043E-4002-ABC6-11C9C968801D}.Debug|Any CPU.ActiveCfg = Debug|Any CPU
		{A364DB13-043E-4002-ABC6-11C9C968801D}.Debug|Any CPU.Build.0 = Debug|Any CPU
		{A364DB13-043E-4002-ABC6-11C9C968801D}.Release|Any CPU.ActiveCfg = Release|Any CPU
		{A364DB13-043E-4002-ABC6-11C9C968801D}.Release|Any CPU.Build.0 = Release|Any CPU
	EndGlobalSection
	GlobalSection(SolutionProperties) = preSolution
		HideSolutionNode = FALSE
	EndGlobalSection
	GlobalSection(ExtensibilityGlobals) = postSolution
		SolutionGuid = {05C91539-032A-481A-AF5D-1001E8179B35}
	EndGlobalSection
EndGlobal
